PODS:
  - Chalkdigital-Mobile-Ads-SDK (3.0.5)

DEPENDENCIES:
  - Chalkdigital-Mobile-Ads-SDK (~> 3.0.5)

SPEC REPOS:
  trunk:
    - Chalkdigital-Mobile-Ads-SDK

SPEC CHECKSUMS:
  Chalkdigital-Mobile-Ads-SDK: 7f6df4026d969d6fdcb9bf643cd5575aa2cfe9fc

PODFILE CHECKSUM: 58fdaacc5fc5531fe776c2edd72c60432f33785e

COCOAPODS: 1.15.2
